{
  "name": "nxt-app",
  "version": "1.0.6",
  "lockfileVersion": 1,
  "requires": true,
  "dependencies": {
    "ngx-bootstrap": {
      "version": "6.1.0",
      "resolved": "https://registry.npmjs.org/ngx-bootstrap/-/ngx-bootstrap-6.1.0.tgz",
      "integrity": "sha512-IDHPO3WE7YYhLZ7jnrH1wmMORhthoyHn6Gbl27FvXksG0OlTm5x8CyK5+EQfnDfxBEElju8n4Tfb8ga3aJYFTA=="
    }
  }
}
